// !$*UTF8*$!
{
	archiveVersion = 1;
	classes = {
	};
	objectVersion = 46;
	objects = {

/* Begin PBXBuildFile section */
		442F28AD1E93D35200D2830A /* AppDelegate.swift in Sources */ = {isa = PBXBuildFile; fileRef = 442F28AC1E93D35200D2830A /* AppDelegate.swift */; };
		442F28AF1E93D35200D2830A /* ViewController.swift in Sources */ = {isa = PBXBuildFile; fileRef = 442F28AE1E93D35200D2830A /* ViewController.swift */; };
		442F28B21E93D35200D2830A /* Main.storyboard in Resources */ = {isa = PBXBuildFile; fileRef = 442F28B01E93D35200D2830A /* Main.storyboard */; };
		442F28B41E93D35200D2830A /* Assets.xcassets in Resources */ = {isa = PBXBuildFile; fileRef = 442F28B31E93D35200D2830A /* Assets.xcassets */; };
		442F28B71E93D35200D2830A /* LaunchScreen.storyboard in Resources */ = {isa = PBXBuildFile; fileRef = 442F28B51E93D35200D2830A /* LaunchScreen.storyboard */; };
		442F28BF1E93D36E00D2830A /* KRImagePickerController.swift in Sources */ = {isa = PBXBuildFile; fileRef = 442F28BE1E93D36E00D2830A /* KRImagePickerController.swift */; };
		44FDB33C1E9A54C000076334 /* ViewController+KRImagePicker.swift in Sources */ = {isa = PBXBuildFile; fileRef = 44FDB33B1E9A54C000076334 /* ViewController+KRImagePicker.swift */; };
/* End PBXBuildFile section */

/* Begin PBXFileReference section */
		442F28A91E93D35200D2830A /* KRImagePickerControllerExample.app */ = {isa = PBXFileReference; explicitFileType = wrapper.application; includeInIndex = 0; path = KRImagePickerControllerExample.app; sourceTree = BUILT_PRODUCTS_DIR; };
		442F28AC1E93D35200D2830A /* AppDelegate.swift */ = {isa = PBXFileReference; lastKnownFileType = sourcecode.swift; path = AppDelegate.swift; sourceTree = "<group>"; };
		442F28AE1E93D35200D2830A /* ViewController.swift */ = {isa = PBXFileReference; lastKnownFileType = sourcecode.swift; path = ViewController.swift; sourceTree = "<group>"; };
		442F28B11E93D35200D2830A /* Base */ = {isa = PBXFileReference; lastKnownFileType = file.storyboard; name = Base; path = Base.lproj/Main.storyboard; sourceTree = "<group>"; };
		442F28B31E93D35200D2830A /* Assets.xcassets */ = {isa = PBXFileReference; lastKnownFileType = folder.assetcatalog; path = Assets.xcassets; sourceTree = "<group>"; };
		442F28B61E93D35200D2830A /* Base */ = {isa = PBXFileReference; lastKnownFileType = file.storyboard; name = Base; path = Base.lproj/LaunchScreen.storyboard; sourceTree = "<group>"; };
		442F28B81E93D35200D2830A /* Info.plist */ = {isa = PBXFileReference; lastKnownFileType = text.plist.xml; path = Info.plist; sourceTree = "<group>"; };
		442F28BE1E93D36E00D2830A /* KRImagePickerController.swift */ = {isa = PBXFileReference; fileEncoding = 4; lastKnownFileType = sourcecode.swift; name = KRImagePickerController.swift; path = ../../Source/KRImagePickerController.swift; sourceTree = "<group>"; };
		44FDB33B1E9A54C000076334 /* ViewController+KRImagePicker.swift */ = {isa = PBXFileReference; fileEncoding = 4; lastKnownFileType = sourcecode.swift; name = "ViewController+KRImagePicker.swift"; path = "../../Source/ViewController+KRImagePicker.swift"; sourceTree = "<group>"; };
/* End PBXFileReference section */

/* Begin PBXFrameworksBuildPhase section */
		442F28A61E93D35200D2830A /* Frameworks */ = {
			isa = PBXFrameworksBuildPhase;
			buildActionMask = 2147483647;
			files = (
			);
			runOnlyForDeploymentPostprocessing = 0;
		};
/* End PBXFrameworksBuildPhase section */

/* Begin PBXGroup section */
		442F28A01E93D35200D2830A = {
			isa = PBXGroup;
			children = (
				442F28AB1E93D35200D2830A /* KRImagePickerControllerExample */,
				442F28AA1E93D35200D2830A /* Products */,
			);
			sourceTree = "<group>";
		};
		442F28AA1E93D35200D2830A /* Products */ = {
			isa = PBXGroup;
			children = (
				442F28A91E93D35200D2830A /* KRImagePickerControllerExample.app */,
			);
			name = Products;
			sourceTree = "<group>";
		};
		442F28AB1E93D35200D2830A /* KRImagePickerControllerExample */ = {
			isa = PBXGroup;
			children = (
				442F28AC1E93D35200D2830A /* AppDelegate.swift */,
				442F28AE1E93D35200D2830A /* ViewController.swift */,
				442F28B01E93D35200D2830A /* Main.storyboard */,
				442F28B31E93D35200D2830A /* Assets.xcassets */,
				442F28B51E93D35200D2830A /* LaunchScreen.storyboard */,
				442F28B81E93D35200D2830A /* Info.plist */,
				442F28BE1E93D36E00D2830A /* KRImagePickerController.swift */,
				44FDB33B1E9A54C000076334 /* ViewController+KRImagePicker.swift */,
			);
			path = KRImagePickerControllerExample;
			sourceTree = "<group>";
		};
/* End PBXGroup section */

/* Begin PBXNativeTarget section */
		442F28A81E93D35200D2830A /* KRImagePickerControllerExample */ = {
			isa = PBXNativeTarget;
			buildConfigurationList = 442F28BB1E93D35200D2830A /* Build configuration list for PBXNativeTarget "KRImagePickerControllerExample" */;
			buildPhases = (
				442F28A51E93D35200D2830A /* Sources */,
				442F28A61E93D35200D2830A /* Frameworks */,
				442F28A71E93D35200D2830A /* Resources */,
			);
			buildRules = (
			);
			dependencies = (
			);
			name = KRImagePickerControllerExample;
			productName = KRImagePickerControllerExample;
			productReference = 442F28A91E93D35200D2830A /* KRImagePickerControllerExample.app */;
			productType = "com.apple.product-type.application";
		};
/* End PBXNativeTarget section */

/* Begin PBXProject section */
		442F28A11E93D35200D2830A /* Project object */ = {
			isa = PBXProject;
			attributes = {
				LastSwiftUpdateCheck = 0830;
				LastUpgradeCheck = 0830;
				ORGANIZATIONNAME = ulian_onua;
				TargetAttributes = {
					442F28A81E93D35200D2830A = {
						CreatedOnToolsVersion = 8.3;
						DevelopmentTeam = E8TPSF9L49;
						ProvisioningStyle = Automatic;
					};
				};
			};
			buildConfigurationList = 442F28A41E93D35200D2830A /* Build configuration list for PBXProject "KRImagePickerControllerExample" */;
			compatibilityVersion = "Xcode 3.2";
			developmentRegion = English;
			hasScannedForEncodings = 0;
			knownRegions = (
				en,
				Base,
			);
			mainGroup = 442F28A01E93D35200D2830A;
			productRefGroup = 442F28AA1E93D35200D2830A /* Products */;
			projectDirPath = "";
			projectRoot = "";
			targets = (
				442F28A81E93D35200D2830A /* KRImagePickerControllerExample */,
			);
		};
/* End PBXProject section */

/* Begin PBXResourcesBuildPhase section */
		442F28A71E93D35200D2830A /* Resources */ = {
			isa = PBXResourcesBuildPhase;
			buildActionMask = 2147483647;
			files = (
				442F28B71E93D35200D2830A /* LaunchScreen.storyboard in Resources */,
				442F28B41E93D35200D2830A /* Assets.xcassets in Resources */,
				442F28B21E93D35200D2830A /* Main.storyboard in Resources */,
			);
			runOnlyForDeploymentPostprocessing = 0;
		};
/* End PBXResourcesBuildPhase section */

/* Begin PBXSourcesBuildPhase section */
		442F28A51E93D35200D2830A /* Sources */ = {
			isa = PBXSourcesBuildPhase;
			buildActionMask = 2147483647;
			files = (
				442F28BF1E93D36E00D2830A /* KRImagePickerController.swift in Sources */,
				44FDB33C1E9A54C000076334 /* ViewController+KRImagePicker.swift in Sources */,
				442F28AF1E93D35200D2830A /* ViewController.swift in Sources */,
				442F28AD1E93D35200D2830A /* AppDelegate.swift in Sources */,
			);
			runOnlyForDeploymentPostprocessing = 0;
		};
/* End PBXSourcesBuildPhase section */

/* Begin PBXVariantGroup section */
		442F28B01E93D35200D2830A /* Main.storyboard */ = {
			isa = PBXVariantGroup;
			children = (
				442F28B11E93D35200D2830A /* Base */,
			);
			name = Main.storyboard;
			sourceTree = "<group>";
		};
		442F28B51E93D35200D2830A /* LaunchScreen.storyboard */ = {
			isa = PBXVariantGroup;
			children = (
				442F28B61E93D35200D2830A /* Base */,
			);
			name = LaunchScreen.storyboard;
			sourceTree = "<group>";
		};
/* End PBXVariantGroup section */

/* Begin XCBuildConfiguration section */
		442F28B91E93D35200D2830A /* Debug */ = {
			isa = XCBuildConfiguration;
			buildSettings = {
				ALWAYS_SEARCH_USER_PATHS = NO;
				CLANG_ANALYZER_NONNULL = YES;
				CLANG_ANALYZER_NUMBER_OBJECT_CONVERSION = YES_AGGRESSIVE;
				CLANG_CXX_LANGUAGE_STANDARD = "gnu++0x";
				CLANG_CXX_LIBRARY = "libc++";
				CLANG_ENABLE_MODULES = YES;
				CLANG_ENABLE_OBJC_ARC = YES;
				CLANG_WARN_BOOL_CONVERSION = YES;
				CLANG_WARN_CONSTANT_CONVERSION = YES;
				CLANG_WARN_DIRECT_OBJC_ISA_USAGE = YES_ERROR;
				CLANG_WARN_DOCUMENTATION_COMMENTS = YES;
				CLANG_WARN_EMPTY_BODY = YES;
				CLANG_WARN_ENUM_CONVERSION = YES;
				CLANG_WARN_INFINITE_RECURSION = YES;
				CLANG_WARN_INT_CONVERSION = YES;
				CLANG_WARN_OBJC_ROOT_CLASS = YES_ERROR;
				CLANG_WARN_SUSPICIOUS_MOVE = YES;
				CLANG_WARN_UNREACHABLE_CODE = YES;
				CLANG_WARN__DUPLICATE_METHOD_MATCH = YES;
				"CODE_SIGN_IDENTITY[sdk=iphoneos*]" = "iPhone Developer";
				COPY_PHASE_STRIP = NO;
				DEBUG_INFORMATION_FORMAT = dwarf;
				ENABLE_STRICT_OBJC_MSGSEND = YES;
				ENABLE_TESTABILITY = YES;
				GCC_C_LANGUAGE_STANDARD = gnu99;
				GCC_DYNAMIC_NO_PIC = NO;
				GCC_NO_COMMON_BLOCKS = YES;
				GCC_OPTIMIZATION_LEVEL = 0;
				GCC_PREPROCESSOR_DEFINITIONS = (
					"DEBUG=1",
					"$(inherited)",
				);
				GCC_WARN_64_TO_32_BIT_CONVERSION = YES;
				GCC_WARN_ABOUT_RETURN_TYPE = YES_ERROR;
				GCC_WARN_UNDECLARED_SELECTOR = YES;
				GCC_WARN_UNINITIALIZED_AUTOS = YES_AGGRESSIVE;
				GCC_WARN_UNUSED_FUNCTION = YES;
				GCC_WARN_UNUSED_VARIABLE = YES;
				IPHONEOS_DEPLOYMENT_TARGET = 10.3;
				MTL_ENABLE_DEBUG_INFO = YES;
				ONLY_ACTIVE_ARCH = YES;
				SDKROOT = iphoneos;
				SWIFT_ACTIVE_COMPILATION_CONDITIONS = DEBUG;
				SWIFT_OPTIMIZATION_LEVEL = "-Onone";
				TARGETED_DEVICE_FAMILY = "1,2";
			};
			name = Debug;
		};
		442F28BA1E93D35200D2830A /* Release */ = {
			isa = XCBuildConfiguration;
			buildSettings = {
				ALWAYS_SEARCH_USER_PATHS = NO;
				CLANG_ANALYZER_NONNULL = YES;
				CLANG_ANALYZER_NUMBER_OBJECT_CONVERSION = YES_AGGRESSIVE;
				CLANG_CXX_LANGUAGE_STANDARD = "gnu++0x";
				CLANG_CXX_LIBRARY = "libc++";
				CLANG_ENABLE_MODULES = YES;
				CLANG_ENABLE_OBJC_ARC = YES;
				CLANG_WARN_BOOL_CONVERSION = YES;
				CLANG_WARN_CONSTANT_CONVERSION = YES;
				CLANG_WARN_DIRECT_OBJC_ISA_USAGE = YES_ERROR;
				CLANG_WARN_DOCUMENTATION_COMMENTS = YES;
				CLANG_WARN_EMPTY_BODY = YES;
				CLANG_WARN_ENUM_CONVERSION = YES;
				CLANG_WARN_INFINITE_RECURSION = YES;
				CLANG_WARN_INT_CONVERSION = YES;
				CLANG_WARN_OBJC_ROOT_CLASS = YES_ERROR;
				CLANG_WARN_SUSPICIOUS_MOVE = YES;
				CLANG_WARN_UNREACHABLE_CODE = YES;
				CLANG_WARN__DUPLICATE_METHOD_MATCH = YES;
				"CODE_SIGN_IDENTITY[sdk=iphoneos*]" = "iPhone Developer";
				COPY_PHASE_STRIP = NO;
				DEBUG_INFORMATION_FORMAT = "dwarf-with-dsym";
				ENABLE_NS_ASSERTIONS = NO;
				ENABLE_STRICT_OBJC_MSGSEND = YES;
				GCC_C_LANGUAGE_STANDARD = gnu99;
				GCC_NO_COMMON_BLOCKS = YES;
				GCC_WARN_64_TO_32_BIT_CONVERSION = YES;
				GCC_WARN_ABOUT_RETURN_TYPE = YES_ERROR;
				GCC_WARN_UNDECLARED_SELECTOR = YES;
				GCC_WARN_UNINITIALIZED_AUTOS = YES_AGGRESSIVE;
				GCC_WARN_UNUSED_FUNCTION = YES;
				GCC_WARN_UNUSED_VARIABLE = YES;
				IPHONEOS_DEPLOYMENT_TARGET = 10.3;
				MTL_ENABLE_DEBUG_INFO = NO;
				SDKROOT = iphoneos;
				SWIFT_OPTIMIZATION_LEVEL = "-Owholemodule";
				TARGETED_DEVICE_FAMILY = "1,2";
				VALIDATE_PRODUCT = YES;
			};
			name = Release;
		};
		442F28BC1E93D35200D2830A /* Debug */ = {
			isa = XCBuildConfiguration;
			buildSettings = {
				ASSETCATALOG_COMPILER_APPICON_NAME = AppIcon;
				DEVELOPMENT_TEAM = E8TPSF9L49;
				INFOPLIST_FILE = KRImagePickerControllerExample/Info.plist;
				LD_RUNPATH_SEARCH_PATHS = "$(inherited) @executable_path/Frameworks";
				PRODUCT_BUNDLE_IDENTIFIER = julianDrapaylo.KRImagePickerControllerExample;
				PRODUCT_NAME = "$(TARGET_NAME)";
				SWIFT_VERSION = 3.0;
			};
			name = Debug;
		};
		442F28BD1E93D35200D2830A /* Release */ = {
			isa = XCBuildConfiguration;
			buildSettings = {
				ASSETCATALOG_COMPILER_APPICON_NAME = AppIcon;
				DEVELOPMENT_TEAM = E8TPSF9L49;
				INFOPLIST_FILE = KRImagePickerControllerExample/Info.plist;
				LD_RUNPATH_SEARCH_PATHS = "$(inherited) @executable_path/Frameworks";
				PRODUCT_BUNDLE_IDENTIFIER = julianDrapaylo.KRImagePickerControllerExample;
				PRODUCT_NAME = "$(TARGET_NAME)";
				SWIFT_VERSION = 3.0;
			};
			name = Release;
		};
/* End XCBuildConfiguration section */

/* Begin XCConfigurationList section */
		442F28A41E93D35200D2830A /* Build configuration list for PBXProject "KRImagePickerControllerExample" */ = {
			isa = XCConfigurationList;
			buildConfigurations = (
				442F28B91E93D35200D2830A /* Debug */,
				442F28BA1E93D35200D2830A /* Release */,
			);
			defaultConfigurationIsVisible = 0;
			defaultConfigurationName = Release;
		};
		442F28BB1E93D35200D2830A /* Build configuration list for PBXNativeTarget "KRImagePickerControllerExample" */ = {
			isa = XCConfigurationList;
			buildConfigurations = (
				442F28BC1E93D35200D2830A /* Debug */,
				442F28BD1E93D35200D2830A /* Release */,
			);
			defaultConfigurationIsVisible = 0;
			defaultConfigurationName = Release;
		};
/* End XCConfigurationList section */
	};
	rootObject = 442F28A11E93D35200D2830A /* Project object */;
}
